<?xml version="1.0" encoding="utf-8"?>
<Project ToolsVersion="4.0" xmlns="http://schemas.microsoft.com/developer/msbuild/2003">
  <ItemGroup>
    <Filter Include="Source Files">
      <UniqueIdentifier>{4FC737F1-C7A5-4376-A066-2A32D752A2FF}</UniqueIdentifier>
      <Extensions>cpp;c;cc;cxx;c++;cppm;ixx;def;odl;idl;hpj;bat;asm;asmx</Extensions>
    </Filter>
    <Filter Include="Header Files">
      <UniqueIdentifier>{93995380-89BD-4b04-88EB-625FBE52EBFB}</UniqueIdentifier>
      <Extensions>h;hh;hpp;hxx;h++;hm;inl;inc;ipp;xsd</Extensions>
    </Filter>
  </ItemGroup>
  <ItemGroup>
    <ClCompile Include="AccommodationService.cpp">
      <Filter>Source Files</Filter>
    </ClCompile>
    <ClCompile Include="Services\UserService\Core\main.cpp">
      <Filter>Source Files</Filter>
    </ClCompile>
    <ClCompile Include="Services\UserService\Config\config.cpp">
      <Filter>Source Files</Filter>
    </ClCompile>
    <ClCompile Include="Services\UserService\Database\database.cpp">
      <Filter>Source Files</Filter>
    </ClCompile>
    <ClCompile Include="Services\UserService\Database\user.cpp">
      <Filter>Source Files</Filter>
    </ClCompile>
  </ItemGroup>
  <ItemGroup>
    <None Include="Services\UserService\Dockerfile" />
    <None Include="Services\docker-compose.yml" />
  </ItemGroup>
  <ItemGroup>
    <ClInclude Include="Services\UserService\Config\config.h">
      <Filter>Header Files</Filter>
    </ClInclude>
    <ClInclude Include="Services\UserService\Database\database.h">
      <Filter>Header Files</Filter>
    </ClInclude>
    <ClInclude Include="Services\UserService\Database\user.h">
      <Filter>Header Files</Filter>
    </ClInclude>
    <ClInclude Include="Services\UserService\Server\http_request_factory.h">
      <Filter>Header Files</Filter>
    </ClInclude>
    <ClInclude Include="Services\UserService\Server\http_web_server.h">
      <Filter>Header Files</Filter>
    </ClInclude>
    <ClInclude Include="Services\UserService\Server\handlers\user_handler.h">
      <Filter>Header Files</Filter>
    </ClInclude>
    <ClInclude Include="Services\UserService\helper.h">
      <Filter>Header Files</Filter>
    </ClInclude>
  </ItemGroup>
</Project>